// !$*UTF8*$!
{
	archiveVersion = 1;
	classes = {
	};
	objectVersion = 56;
	objects = {

/* Begin PBXBuildFile section */
		79D0BD522C205261001931BA /* AppDelegate.swift in Sources */ = {isa = PBXBuildFile; fileRef = 79D0BD512C205261001931BA /* AppDelegate.swift */; };
		79D0BD542C205261001931BA /* SceneDelegate.swift in Sources */ = {isa = PBXBuildFile; fileRef = 79D0BD532C205261001931BA /* SceneDelegate.swift */; };
		79D0BD562C205261001931BA /* ViewController.swift in Sources */ = {isa = PBXBuildFile; fileRef = 79D0BD552C205261001931BA /* ViewController.swift */; };
		79D0BD592C205261001931BA /* Base in Resources */ = {isa = PBXBuildFile; fileRef = 79D0BD582C205261001931BA /* Base */; };
		79D0BD5B2C205262001931BA /* Assets.xcassets in Resources */ = {isa = PBXBuildFile; fileRef = 79D0BD5A2C205262001931BA /* Assets.xcassets */; };
		79D0BD5E2C205262001931BA /* Base in Resources */ = {isa = PBXBuildFile; fileRef = 79D0BD5D2C205262001931BA /* Base */; };
		79D0BD692C205263001931BA /* CalcMasterTests.swift in Sources */ = {isa = PBXBuildFile; fileRef = 79D0BD682C205263001931BA /* CalcMasterTests.swift */; };
		79D0BD732C205263001931BA /* CalcMasterUITests.swift in Sources */ = {isa = PBXBuildFile; fileRef = 79D0BD722C205263001931BA /* CalcMasterUITests.swift */; };
		79D0BD752C205263001931BA /* CalcMasterUITestsLaunchTests.swift in Sources */ = {isa = PBXBuildFile; fileRef = 79D0BD742C205263001931BA /* CalcMasterUITestsLaunchTests.swift */; };
/* End PBXBuildFile section */

/* Begin PBXContainerItemProxy section */
		79D0BD652C205262001931BA /* PBXContainerItemProxy */ = {
			isa = PBXContainerItemProxy;
			containerPortal = 79D0BD462C205261001931BA /* Project object */;
			proxyType = 1;
			remoteGlobalIDString = 79D0BD4D2C205261001931BA;
			remoteInfo = CalcMaster;
		};
		79D0BD6F2C205263001931BA /* PBXContainerItemProxy */ = {
			isa = PBXContainerItemProxy;
			containerPortal = 79D0BD462C205261001931BA /* Project object */;
			proxyType = 1;
			remoteGlobalIDString = 79D0BD4D2C205261001931BA;
			remoteInfo = CalcMaster;
		};
/* End PBXContainerItemProxy section */

/* Begin PBXFileReference section */
		79D0BD4E2C205261001931BA /* CalcMaster.app */ = {isa = PBXFileReference; explicitFileType = wrapper.application; includeInIndex = 0; path = CalcMaster.app; sourceTree = BUILT_PRODUCTS_DIR; };
		79D0BD512C205261001931BA /* AppDelegate.swift */ = {isa = PBXFileReference; lastKnownFileType = sourcecode.swift; path = AppDelegate.swift; sourceTree = "<group>"; };
		79D0BD532C205261001931BA /* SceneDelegate.swift */ = {isa = PBXFileReference; lastKnownFileType = sourcecode.swift; path = SceneDelegate.swift; sourceTree = "<group>"; };
		79D0BD552C205261001931BA /* ViewController.swift */ = {isa = PBXFileReference; lastKnownFileType = sourcecode.swift; path = ViewController.swift; sourceTree = "<group>"; };
		79D0BD582C205261001931BA /* Base */ = {isa = PBXFileReference; lastKnownFileType = file.storyboard; name = Base; path = Base.lproj/Main.storyboard; sourceTree = "<group>"; };
		79D0BD5A2C205262001931BA /* Assets.xcassets */ = {isa = PBXFileReference; lastKnownFileType = folder.assetcatalog; path = Assets.xcassets; sourceTree = "<group>"; };
		79D0BD5D2C205262001931BA /* Base */ = {isa = PBXFileReference; lastKnownFileType = file.storyboard; name = Base; path = Base.lproj/LaunchScreen.storyboard; sourceTree = "<group>"; };
		79D0BD5F2C205262001931BA /* Info.plist */ = {isa = PBXFileReference; lastKnownFileType = text.plist.xml; path = Info.plist; sourceTree = "<group>"; };
		79D0BD642C205262001931BA /* CalcMasterTests.xctest */ = {isa = PBXFileReference; explicitFileType = wrapper.cfbundle; includeInIndex = 0; path = CalcMasterTests.xctest; sourceTree = BUILT_PRODUCTS_DIR; };
		79D0BD682C205263001931BA /* CalcMasterTests.swift */ = {isa = PBXFileReference; lastKnownFileType = sourcecode.swift; path = CalcMasterTests.swift; sourceTree = "<group>"; };
		79D0BD6E2C205263001931BA /* CalcMasterUITests.xctest */ = {isa = PBXFileReference; explicitFileType = wrapper.cfbundle; includeInIndex = 0; path = CalcMasterUITests.xctest; sourceTree = BUILT_PRODUCTS_DIR; };
		79D0BD722C205263001931BA /* CalcMasterUITests.swift */ = {isa = PBXFileReference; lastKnownFileType = sourcecode.swift; path = CalcMasterUITests.swift; sourceTree = "<group>"; };
		79D0BD742C205263001931BA /* CalcMasterUITestsLaunchTests.swift */ = {isa = PBXFileReference; lastKnownFileType = sourcecode.swift; path = CalcMasterUITestsLaunchTests.swift; sourceTree = "<group>"; };
/* End PBXFileReference section */

/* Begin PBXFrameworksBuildPhase section */
		79D0BD4B2C205261001931BA /* Frameworks */ = {
			isa = PBXFrameworksBuildPhase;
			buildActionMask = 2147483647;
			files = (
			);
			runOnlyForDeploymentPostprocessing = 0;
		};
		79D0BD612C205262001931BA /* Frameworks */ = {
			isa = PBXFrameworksBuildPhase;
			buildActionMask = 2147483647;
			files = (
			);
			runOnlyForDeploymentPostprocessing = 0;
		};
		79D0BD6B2C205263001931BA /* Frameworks */ = {
			isa = PBXFrameworksBuildPhase;
			buildActionMask = 2147483647;
			files = (
			);
			runOnlyForDeploymentPostprocessing = 0;
		};
/* End PBXFrameworksBuildPhase section */

/* Begin PBXGroup section */
		79D0BD452C205261001931BA = {
			isa = PBXGroup;
			children = (
				79D0BD502C205261001931BA /* CalcMaster */,
				79D0BD672C205263001931BA /* CalcMasterTests */,
				79D0BD712C205263001931BA /* CalcMasterUITests */,
				79D0BD4F2C205261001931BA /* Products */,
			);
			sourceTree = "<group>";
		};
		79D0BD4F2C205261001931BA /* Products */ = {
			isa = PBXGroup;
			children = (
				79D0BD4E2C205261001931BA /* CalcMaster.app */,
				79D0BD642C205262001931BA /* CalcMasterTests.xctest */,
				79D0BD6E2C205263001931BA /* CalcMasterUITests.xctest */,
			);
			name = Products;
			sourceTree = "<group>";
		};
		79D0BD502C205261001931BA /* CalcMaster */ = {
			isa = PBXGroup;
			children = (
				79D0BD512C205261001931BA /* AppDelegate.swift */,
				79D0BD532C205261001931BA /* SceneDelegate.swift */,
				79D0BD552C205261001931BA /* ViewController.swift */,
				79D0BD572C205261001931BA /* Main.storyboard */,
				79D0BD5A2C205262001931BA /* Assets.xcassets */,
				79D0BD5C2C205262001931BA /* LaunchScreen.storyboard */,
				79D0BD5F2C205262001931BA /* Info.plist */,
			);
			path = CalcMaster;
			sourceTree = "<group>";
		};
		79D0BD672C205263001931BA /* CalcMasterTests */ = {
			isa = PBXGroup;
			children = (
				79D0BD682C205263001931BA /* CalcMasterTests.swift */,
			);
			path = CalcMasterTests;
			sourceTree = "<group>";
		};
		79D0BD712C205263001931BA /* CalcMasterUITests */ = {
			isa = PBXGroup;
			children = (
				79D0BD722C205263001931BA /* CalcMasterUITests.swift */,
				79D0BD742C205263001931BA /* CalcMasterUITestsLaunchTests.swift */,
			);
			path = CalcMasterUITests;
			sourceTree = "<group>";
		};
/* End PBXGroup section */

/* Begin PBXNativeTarget section */
		79D0BD4D2C205261001931BA /* CalcMaster */ = {
			isa = PBXNativeTarget;
			buildConfigurationList = 79D0BD782C205263001931BA /* Build configuration list for PBXNativeTarget "CalcMaster" */;
			buildPhases = (
				79D0BD4A2C205261001931BA /* Sources */,
				79D0BD4B2C205261001931BA /* Frameworks */,
				79D0BD4C2C205261001931BA /* Resources */,
			);
			buildRules = (
			);
			dependencies = (
			);
			name = CalcMaster;
			productName = CalcMaster;
			productReference = 79D0BD4E2C205261001931BA /* CalcMaster.app */;
			productType = "com.apple.product-type.application";
		};
		79D0BD632C205262001931BA /* CalcMasterTests */ = {
			isa = PBXNativeTarget;
			buildConfigurationList = 79D0BD7B2C205263001931BA /* Build configuration list for PBXNativeTarget "CalcMasterTests" */;
			buildPhases = (
				79D0BD602C205262001931BA /* Sources */,
				79D0BD612C205262001931BA /* Frameworks */,
				79D0BD622C205262001931BA /* Resources */,
			);
			buildRules = (
			);
			dependencies = (
				79D0BD662C205262001931BA /* PBXTargetDependency */,
			);
			name = CalcMasterTests;
			productName = CalcMasterTests;
			productReference = 79D0BD642C205262001931BA /* CalcMasterTests.xctest */;
			productType = "com.apple.product-type.bundle.unit-test";
		};
		79D0BD6D2C205263001931BA /* CalcMasterUITests */ = {
			isa = PBXNativeTarget;
			buildConfigurationList = 79D0BD7E2C205263001931BA /* Build configuration list for PBXNativeTarget "CalcMasterUITests" */;
			buildPhases = (
				79D0BD6A2C205263001931BA /* Sources */,
				79D0BD6B2C205263001931BA /* Frameworks */,
				79D0BD6C2C205263001931BA /* Resources */,
			);
			buildRules = (
			);
			dependencies = (
				79D0BD702C205263001931BA /* PBXTargetDependency */,
			);
			name = CalcMasterUITests;
			productName = CalcMasterUITests;
			productReference = 79D0BD6E2C205263001931BA /* CalcMasterUITests.xctest */;
			productType = "com.apple.product-type.bundle.ui-testing";
		};
/* End PBXNativeTarget section */

/* Begin PBXProject section */
		79D0BD462C205261001931BA /* Project object */ = {
			isa = PBXProject;
			attributes = {
				BuildIndependentTargetsInParallel = 1;
				LastSwiftUpdateCheck = 1540;
				LastUpgradeCheck = 1540;
				TargetAttributes = {
					79D0BD4D2C205261001931BA = {
						CreatedOnToolsVersion = 15.4;
					};
					79D0BD632C205262001931BA = {
						CreatedOnToolsVersion = 15.4;
						TestTargetID = 79D0BD4D2C205261001931BA;
					};
					79D0BD6D2C205263001931BA = {
						CreatedOnToolsVersion = 15.4;
						TestTargetID = 79D0BD4D2C205261001931BA;
					};
				};
			};
			buildConfigurationList = 79D0BD492C205261001931BA /* Build configuration list for PBXProject "CalcMaster" */;
			compatibilityVersion = "Xcode 14.0";
			developmentRegion = en;
			hasScannedForEncodings = 0;
			knownRegions = (
				en,
				Base,
			);
			mainGroup = 79D0BD452C205261001931BA;
			productRefGroup = 79D0BD4F2C205261001931BA /* Products */;
			projectDirPath = "";
			projectRoot = "";
			targets = (
				79D0BD4D2C205261001931BA /* CalcMaster */,
				79D0BD632C205262001931BA /* CalcMasterTests */,
				79D0BD6D2C205263001931BA /* CalcMasterUITests */,
			);
		};
/* End PBXProject section */

/* Begin PBXResourcesBuildPhase section */
		79D0BD4C2C205261001931BA /* Resources */ = {
			isa = PBXResourcesBuildPhase;
			buildActionMask = 2147483647;
			files = (
				79D0BD5B2C205262001931BA /* Assets.xcassets in Resources */,
				79D0BD5E2C205262001931BA /* Base in Resources */,
				79D0BD592C205261001931BA /* Base in Resources */,
			);
			runOnlyForDeploymentPostprocessing = 0;
		};
		79D0BD622C205262001931BA /* Resources */ = {
			isa = PBXResourcesBuildPhase;
			buildActionMask = 2147483647;
			files = (
			);
			runOnlyForDeploymentPostprocessing = 0;
		};
		79D0BD6C2C205263001931BA /* Resources */ = {
			isa = PBXResourcesBuildPhase;
			buildActionMask = 2147483647;
			files = (
			);
			runOnlyForDeploymentPostprocessing = 0;
		};
/* End PBXResourcesBuildPhase section */

/* Begin PBXSourcesBuildPhase section */
		79D0BD4A2C205261001931BA /* Sources */ = {
			isa = PBXSourcesBuildPhase;
			buildActionMask = 2147483647;
			files = (
				79D0BD562C205261001931BA /* ViewController.swift in Sources */,
				79D0BD522C205261001931BA /* AppDelegate.swift in Sources */,
				79D0BD542C205261001931BA /* SceneDelegate.swift in Sources */,
			);
			runOnlyForDeploymentPostprocessing = 0;
		};
		79D0BD602C205262001931BA /* Sources */ = {
			isa = PBXSourcesBuildPhase;
			buildActionMask = 2147483647;
			files = (
				79D0BD692C205263001931BA /* CalcMasterTests.swift in Sources */,
			);
			runOnlyForDeploymentPostprocessing = 0;
		};
		79D0BD6A2C205263001931BA /* Sources */ = {
			isa = PBXSourcesBuildPhase;
			buildActionMask = 2147483647;
			files = (
				79D0BD732C205263001931BA /* CalcMasterUITests.swift in Sources */,
				79D0BD752C205263001931BA /* CalcMasterUITestsLaunchTests.swift in Sources */,
			);
			runOnlyForDeploymentPostprocessing = 0;
		};
/* End PBXSourcesBuildPhase section */

/* Begin PBXTargetDependency section */
		79D0BD662C205262001931BA /* PBXTargetDependency */ = {
			isa = PBXTargetDependency;
			target = 79D0BD4D2C205261001931BA /* CalcMaster */;
			targetProxy = 79D0BD652C205262001931BA /* PBXContainerItemProxy */;
		};
		79D0BD702C205263001931BA /* PBXTargetDependency */ = {
			isa = PBXTargetDependency;
			target = 79D0BD4D2C205261001931BA /* CalcMaster */;
			targetProxy = 79D0BD6F2C205263001931BA /* PBXContainerItemProxy */;
		};
/* End PBXTargetDependency section */

/* Begin PBXVariantGroup section */
		79D0BD572C205261001931BA /* Main.storyboard */ = {
			isa = PBXVariantGroup;
			children = (
				79D0BD582C205261001931BA /* Base */,
			);
			name = Main.storyboard;
			sourceTree = "<group>";
		};
		79D0BD5C2C205262001931BA /* LaunchScreen.storyboard */ = {
			isa = PBXVariantGroup;
			children = (
				79D0BD5D2C205262001931BA /* Base */,
			);
			name = LaunchScreen.storyboard;
			sourceTree = "<group>";
		};
/* End PBXVariantGroup section */

/* Begin XCBuildConfiguration section */
		79D0BD762C205263001931BA /* Debug */ = {
			isa = XCBuildConfiguration;
			buildSettings = {
				ALWAYS_SEARCH_USER_PATHS = NO;
				ASSETCATALOG_COMPILER_GENERATE_SWIFT_ASSET_SYMBOL_EXTENSIONS = YES;
				CLANG_ANALYZER_NONNULL = YES;
				CLANG_ANALYZER_NUMBER_OBJECT_CONVERSION = YES_AGGRESSIVE;
				CLANG_CXX_LANGUAGE_STANDARD = "gnu++20";
				CLANG_ENABLE_MODULES = YES;
				CLANG_ENABLE_OBJC_ARC = YES;
				CLANG_ENABLE_OBJC_WEAK = YES;
				CLANG_WARN_BLOCK_CAPTURE_AUTORELEASING = YES;
				CLANG_WARN_BOOL_CONVERSION = YES;
				CLANG_WARN_COMMA = YES;
				CLANG_WARN_CONSTANT_CONVERSION = YES;
				CLANG_WARN_DEPRECATED_OBJC_IMPLEMENTATIONS = YES;
				CLANG_WARN_DIRECT_OBJC_ISA_USAGE = YES_ERROR;
				CLANG_WARN_DOCUMENTATION_COMMENTS = YES;
				CLANG_WARN_EMPTY_BODY = YES;
				CLANG_WARN_ENUM_CONVERSION = YES;
				CLANG_WARN_INFINITE_RECURSION = YES;
				CLANG_WARN_INT_CONVERSION = YES;
				CLANG_WARN_NON_LITERAL_NULL_CONVERSION = YES;
				CLANG_WARN_OBJC_IMPLICIT_RETAIN_SELF = YES;
				CLANG_WARN_OBJC_LITERAL_CONVERSION = YES;
				CLANG_WARN_OBJC_ROOT_CLASS = YES_ERROR;
				CLANG_WARN_QUOTED_INCLUDE_IN_FRAMEWORK_HEADER = YES;
				CLANG_WARN_RANGE_LOOP_ANALYSIS = YES;
				CLANG_WARN_STRICT_PROTOTYPES = YES;
				CLANG_WARN_SUSPICIOUS_MOVE = YES;
				CLANG_WARN_UNGUARDED_AVAILABILITY = YES_AGGRESSIVE;
				CLANG_WARN_UNREACHABLE_CODE = YES;
				CLANG_WARN__DUPLICATE_METHOD_MATCH = YES;
				COPY_PHASE_STRIP = NO;
				DEBUG_INFORMATION_FORMAT = dwarf;
				ENABLE_STRICT_OBJC_MSGSEND = YES;
				ENABLE_TESTABILITY = YES;
				ENABLE_USER_SCRIPT_SANDBOXING = YES;
				GCC_C_LANGUAGE_STANDARD = gnu17;
				GCC_DYNAMIC_NO_PIC = NO;
				GCC_NO_COMMON_BLOCKS = YES;
				GCC_OPTIMIZATION_LEVEL = 0;
				GCC_PREPROCESSOR_DEFINITIONS = (
					"DEBUG=1",
					"$(inherited)",
				);
				GCC_WARN_64_TO_32_BIT_CONVERSION = YES;
				GCC_WARN_ABOUT_RETURN_TYPE = YES_ERROR;
				GCC_WARN_UNDECLARED_SELECTOR = YES;
				GCC_WARN_UNINITIALIZED_AUTOS = YES_AGGRESSIVE;
				GCC_WARN_UNUSED_FUNCTION = YES;
				GCC_WARN_UNUSED_VARIABLE = YES;
				IPHONEOS_DEPLOYMENT_TARGET = 17.5;
				LOCALIZATION_PREFERS_STRING_CATALOGS = YES;
				MTL_ENABLE_DEBUG_INFO = INCLUDE_SOURCE;
				MTL_FAST_MATH = YES;
				ONLY_ACTIVE_ARCH = YES;
				SDKROOT = iphoneos;
				SWIFT_ACTIVE_COMPILATION_CONDITIONS = "DEBUG $(inherited)";
				SWIFT_OPTIMIZATION_LEVEL = "-Onone";
			};
			name = Debug;
		};
		79D0BD772C205263001931BA /* Release */ = {
			isa = XCBuildConfiguration;
			buildSettings = {
				ALWAYS_SEARCH_USER_PATHS = NO;
				ASSETCATALOG_COMPILER_GENERATE_SWIFT_ASSET_SYMBOL_EXTENSIONS = YES;
				CLANG_ANALYZER_NONNULL = YES;
				CLANG_ANALYZER_NUMBER_OBJECT_CONVERSION = YES_AGGRESSIVE;
				CLANG_CXX_LANGUAGE_STANDARD = "gnu++20";
				CLANG_ENABLE_MODULES = YES;
				CLANG_ENABLE_OBJC_ARC = YES;
				CLANG_ENABLE_OBJC_WEAK = YES;
				CLANG_WARN_BLOCK_CAPTURE_AUTORELEASING = YES;
				CLANG_WARN_BOOL_CONVERSION = YES;
				CLANG_WARN_COMMA = YES;
				CLANG_WARN_CONSTANT_CONVERSION = YES;
				CLANG_WARN_DEPRECATED_OBJC_IMPLEMENTATIONS = YES;
				CLANG_WARN_DIRECT_OBJC_ISA_USAGE = YES_ERROR;
				CLANG_WARN_DOCUMENTATION_COMMENTS = YES;
				CLANG_WARN_EMPTY_BODY = YES;
				CLANG_WARN_ENUM_CONVERSION = YES;
				CLANG_WARN_INFINITE_RECURSION = YES;
				CLANG_WARN_INT_CONVERSION = YES;
				CLANG_WARN_NON_LITERAL_NULL_CONVERSION = YES;
				CLANG_WARN_OBJC_IMPLICIT_RETAIN_SELF = YES;
				CLANG_WARN_OBJC_LITERAL_CONVERSION = YES;
				CLANG_WARN_OBJC_ROOT_CLASS = YES_ERROR;
				CLANG_WARN_QUOTED_INCLUDE_IN_FRAMEWORK_HEADER = YES;
				CLANG_WARN_RANGE_LOOP_ANALYSIS = YES;
				CLANG_WARN_STRICT_PROTOTYPES = YES;
				CLANG_WARN_SUSPICIOUS_MOVE = YES;
				CLANG_WARN_UNGUARDED_AVAILABILITY = YES_AGGRESSIVE;
				CLANG_WARN_UNREACHABLE_CODE = YES;
				CLANG_WARN__DUPLICATE_METHOD_MATCH = YES;
				COPY_PHASE_STRIP = NO;
				DEBUG_INFORMATION_FORMAT = "dwarf-with-dsym";
				ENABLE_NS_ASSERTIONS = NO;
				ENABLE_STRICT_OBJC_MSGSEND = YES;
				ENABLE_USER_SCRIPT_SANDBOXING = YES;
				GCC_C_LANGUAGE_STANDARD = gnu17;
				GCC_NO_COMMON_BLOCKS = YES;
				GCC_WARN_64_TO_32_BIT_CONVERSION = YES;
				GCC_WARN_ABOUT_RETURN_TYPE = YES_ERROR;
				GCC_WARN_UNDECLARED_SELECTOR = YES;
				GCC_WARN_UNINITIALIZED_AUTOS = YES_AGGRESSIVE;
				GCC_WARN_UNUSED_FUNCTION = YES;
				GCC_WARN_UNUSED_VARIABLE = YES;
				IPHONEOS_DEPLOYMENT_TARGET = 17.5;
				LOCALIZATION_PREFERS_STRING_CATALOGS = YES;
				MTL_ENABLE_DEBUG_INFO = NO;
				MTL_FAST_MATH = YES;
				SDKROOT = iphoneos;
				SWIFT_COMPILATION_MODE = wholemodule;
				VALIDATE_PRODUCT = YES;
			};
			name = Release;
		};
		79D0BD792C205263001931BA /* Debug */ = {
			isa = XCBuildConfiguration;
			buildSettings = {
				ASSETCATALOG_COMPILER_APPICON_NAME = AppIcon;
				ASSETCATALOG_COMPILER_GLOBAL_ACCENT_COLOR_NAME = AccentColor;
				CODE_SIGN_STYLE = Automatic;
				CURRENT_PROJECT_VERSION = 1;
				GENERATE_INFOPLIST_FILE = YES;
				INFOPLIST_FILE = CalcMaster/Info.plist;
				INFOPLIST_KEY_UIApplicationSupportsIndirectInputEvents = YES;
				INFOPLIST_KEY_UILaunchStoryboardName = LaunchScreen;
				INFOPLIST_KEY_UIMainStoryboardFile = Main;
				INFOPLIST_KEY_UISupportedInterfaceOrientations_iPad = "UIInterfaceOrientationPortrait UIInterfaceOrientationPortraitUpsideDown UIInterfaceOrientationLandscapeLeft UIInterfaceOrientationLandscapeRight";
				INFOPLIST_KEY_UISupportedInterfaceOrientations_iPhone = "UIInterfaceOrientationPortrait UIInterfaceOrientationLandscapeLeft UIInterfaceOrientationLandscapeRight";
				LD_RUNPATH_SEARCH_PATHS = (
					"$(inherited)",
					"@executable_path/Frameworks",
				);
				MARKETING_VERSION = 1.0;
				PRODUCT_BUNDLE_IDENTIFIER = com.rishabh.CalcMaster;
				PRODUCT_NAME = "$(TARGET_NAME)";
				SWIFT_EMIT_LOC_STRINGS = YES;
				SWIFT_VERSION = 5.0;
				TARGETED_DEVICE_FAMILY = "1,2";
			};
			name = Debug;
		};
		79D0BD7A2C205263001931BA /* Release */ = {
			isa = XCBuildConfiguration;
			buildSettings = {
				ASSETCATALOG_COMPILER_APPICON_NAME = AppIcon;
				ASSETCATALOG_COMPILER_GLOBAL_ACCENT_COLOR_NAME = AccentColor;
				CODE_SIGN_STYLE = Automatic;
				CURRENT_PROJECT_VERSION = 1;
				GENERATE_INFOPLIST_FILE = YES;
				INFOPLIST_FILE = CalcMaster/Info.plist;
				INFOPLIST_KEY_UIApplicationSupportsIndirectInputEvents = YES;
				INFOPLIST_KEY_UILaunchStoryboardName = LaunchScreen;
				INFOPLIST_KEY_UIMainStoryboardFile = Main;
				INFOPLIST_KEY_UISupportedInterfaceOrientations_iPad = "UIInterfaceOrientationPortrait UIInterfaceOrientationPortraitUpsideDown UIInterfaceOrientationLandscapeLeft UIInterfaceOrientationLandscapeRight";
				INFOPLIST_KEY_UISupportedInterfaceOrientations_iPhone = "UIInterfaceOrientationPortrait UIInterfaceOrientationLandscapeLeft UIInterfaceOrientationLandscapeRight";
				LD_RUNPATH_SEARCH_PATHS = (
					"$(inherited)",
					"@executable_path/Frameworks",
				);
				MARKETING_VERSION = 1.0;
				PRODUCT_BUNDLE_IDENTIFIER = com.rishabh.CalcMaster;
				PRODUCT_NAME = "$(TARGET_NAME)";
				SWIFT_EMIT_LOC_STRINGS = YES;
				SWIFT_VERSION = 5.0;
				TARGETED_DEVICE_FAMILY = "1,2";
			};
			name = Release;
		};
		79D0BD7C2C205263001931BA /* Debug */ = {
			isa = XCBuildConfiguration;
			buildSettings = {
				ALWAYS_EMBED_SWIFT_STANDARD_LIBRARIES = YES;
				BUNDLE_LOADER = "$(TEST_HOST)";
				CODE_SIGN_STYLE = Automatic;
				CURRENT_PROJECT_VERSION = 1;
				GENERATE_INFOPLIST_FILE = YES;
				IPHONEOS_DEPLOYMENT_TARGET = 17.5;
				MARKETING_VERSION = 1.0;
				PRODUCT_BUNDLE_IDENTIFIER = com.rishabh.CalcMasterTests;
				PRODUCT_NAME = "$(TARGET_NAME)";
				SWIFT_EMIT_LOC_STRINGS = NO;
				SWIFT_VERSION = 5.0;
				TARGETED_DEVICE_FAMILY = "1,2";
				TEST_HOST = "$(BUILT_PRODUCTS_DIR)/CalcMaster.app/$(BUNDLE_EXECUTABLE_FOLDER_PATH)/CalcMaster";
			};
			name = Debug;
		};
		79D0BD7D2C205263001931BA /* Release */ = {
			isa = XCBuildConfiguration;
			buildSettings = {
				ALWAYS_EMBED_SWIFT_STANDARD_LIBRARIES = YES;
				BUNDLE_LOADER = "$(TEST_HOST)";
				CODE_SIGN_STYLE = Automatic;
				CURRENT_PROJECT_VERSION = 1;
				GENERATE_INFOPLIST_FILE = YES;
				IPHONEOS_DEPLOYMENT_TARGET = 17.5;
				MARKETING_VERSION = 1.0;
				PRODUCT_BUNDLE_IDENTIFIER = com.rishabh.CalcMasterTests;
				PRODUCT_NAME = "$(TARGET_NAME)";
				SWIFT_EMIT_LOC_STRINGS = NO;
				SWIFT_VERSION = 5.0;
				TARGETED_DEVICE_FAMILY = "1,2";
				TEST_HOST = "$(BUILT_PRODUCTS_DIR)/CalcMaster.app/$(BUNDLE_EXECUTABLE_FOLDER_PATH)/CalcMaster";
			};
			name = Release;
		};
		79D0BD7F2C205263001931BA /* Debug */ = {
			isa = XCBuildConfiguration;
			buildSettings = {
				ALWAYS_EMBED_SWIFT_STANDARD_LIBRARIES = YES;
				CODE_SIGN_STYLE = Automatic;
				CURRENT_PROJECT_VERSION = 1;
				GENERATE_INFOPLIST_FILE = YES;
				MARKETING_VERSION = 1.0;
				PRODUCT_BUNDLE_IDENTIFIER = com.rishabh.CalcMasterUITests;
				PRODUCT_NAME = "$(TARGET_NAME)";
				SWIFT_EMIT_LOC_STRINGS = NO;
				SWIFT_VERSION = 5.0;
				TARGETED_DEVICE_FAMILY = "1,2";
				TEST_TARGET_NAME = CalcMaster;
			};
			name = Debug;
		};
		79D0BD802C205263001931BA /* Release */ = {
			isa = XCBuildConfiguration;
			buildSettings = {
				ALWAYS_EMBED_SWIFT_STANDARD_LIBRARIES = YES;
				CODE_SIGN_STYLE = Automatic;
				CURRENT_PROJECT_VERSION = 1;
				GENERATE_INFOPLIST_FILE = YES;
				MARKETING_VERSION = 1.0;
				PRODUCT_BUNDLE_IDENTIFIER = com.rishabh.CalcMasterUITests;
				PRODUCT_NAME = "$(TARGET_NAME)";
				SWIFT_EMIT_LOC_STRINGS = NO;
				SWIFT_VERSION = 5.0;
				TARGETED_DEVICE_FAMILY = "1,2";
				TEST_TARGET_NAME = CalcMaster;
			};
			name = Release;
		};
/* End XCBuildConfiguration section */

/* Begin XCConfigurationList section */
		79D0BD492C205261001931BA /* Build configuration list for PBXProject "CalcMaster" */ = {
			isa = XCConfigurationList;
			buildConfigurations = (
				79D0BD762C205263001931BA /* Debug */,
				79D0BD772C205263001931BA /* Release */,
			);
			defaultConfigurationIsVisible = 0;
			defaultConfigurationName = Release;
		};
		79D0BD782C205263001931BA /* Build configuration list for PBXNativeTarget "CalcMaster" */ = {
			isa = XCConfigurationList;
			buildConfigurations = (
				79D0BD792C205263001931BA /* Debug */,
				79D0BD7A2C205263001931BA /* Release */,
			);
			defaultConfigurationIsVisible = 0;
			defaultConfigurationName = Release;
		};
		79D0BD7B2C205263001931BA /* Build configuration list for PBXNativeTarget "CalcMasterTests" */ = {
			isa = XCConfigurationList;
			buildConfigurations = (
				79D0BD7C2C205263001931BA /* Debug */,
				79D0BD7D2C205263001931BA /* Release */,
			);
			defaultConfigurationIsVisible = 0;
			defaultConfigurationName = Release;
		};
		79D0BD7E2C205263001931BA /* Build configuration list for PBXNativeTarget "CalcMasterUITests" */ = {
			isa = XCConfigurationList;
			buildConfigurations = (
				79D0BD7F2C205263001931BA /* Debug */,
				79D0BD802C205263001931BA /* Release */,
			);
			defaultConfigurationIsVisible = 0;
			defaultConfigurationName = Release;
		};
/* End XCConfigurationList section */
	};
	rootObject = 79D0BD462C205261001931BA /* Project object */;
}
